
Microsoft Visual Studio Solution File, Format Version 12.00
# Visual Studio 15
VisualStudioVersion = 15.0.28307.271
MinimumVisualStudioVersion = 10.0.40219.1
Project("{8BC9CEB8-8B4A-11D0-8D11-00A0C91BC942}") = "lab1b", "lab1b\lab1b.vcxproj", "{D348BFA4-3F1F-4710-844F-8690374F081F}"
EndProject
Global
	GlobalSection(SolutionConfigurationPlatforms) = preSolution
		Debug|x64 = Debug|x64
		Debug|x86 = Debug|x86
		Release|x64 = Release|x64
		Release|x86 = Release|x86
	EndGlobalSection
	GlobalSection(ProjectConfigurationPlatforms) = postSolution
		{D348BFA4-3F1F-4710-844F-8690374F081F}.Debug|x64.ActiveCfg = Debug|x64
		{D348BFA4-3F1F-4710-844F-8690374F081F}.Debug|x64.Build.0 = Debug|x64
		{D348BFA4-3F1F-4710-844F-8690374F081F}.Debug|x86.ActiveCfg = Debug|Win32
		{D348BFA4-3F1F-4710-844F-8690374F081F}.Debug|x86.Build.0 = Debug|Win32
		{D348BFA4-3F1F-4710-844F-8690374F081F}.Release|x64.ActiveCfg = Release|x64
		{D348BFA4-3F1F-4710-844F-8690374F081F}.Release|x64.Build.0 = Release|x64
		{D348BFA4-3F1F-4710-844F-8690374F081F}.Release|x86.ActiveCfg = Release|Win32
		{D348BFA4-3F1F-4710-844F-8690374F081F}.Release|x86.Build.0 = Release|Win32
	EndGlobalSection
	GlobalSection(SolutionProperties) = preSolution
		HideSolutionNode = FALSE
	EndGlobalSection
	GlobalSection(ExtensibilityGlobals) = postSolution
		SolutionGuid = {10671079-08B2-4FE0-9438-FB64D1A877B3}
	EndGlobalSection
EndGlobal
